// !$*UTF8*$!
{
	archiveVersion = 1;
	classes = {
	};
	objectVersion = 46;
	objects = {

/* Begin PBXBuildFile section */
		BC1497E11D5D962400276A88 /* AppDelegate.swift in Sources */ = {isa = PBXBuildFile; fileRef = BC1497E01D5D962400276A88 /* AppDelegate.swift */; };
		BC1497E31D5D962400276A88 /* ViewController.swift in Sources */ = {isa = PBXBuildFile; fileRef = BC1497E21D5D962400276A88 /* ViewController.swift */; };
		BC1497E61D5D962400276A88 /* Main.storyboard in Resources */ = {isa = PBXBuildFile; fileRef = BC1497E41D5D962400276A88 /* Main.storyboard */; };
		BC1497E81D5D962400276A88 /* Assets.xcassets in Resources */ = {isa = PBXBuildFile; fileRef = BC1497E71D5D962400276A88 /* Assets.xcassets */; };
		BC1497EB1D5D962400276A88 /* LaunchScreen.storyboard in Resources */ = {isa = PBXBuildFile; fileRef = BC1497E91D5D962400276A88 /* LaunchScreen.storyboard */; };
		BC1497F61D5D962400276A88 /* TipCalculatorTests.swift in Sources */ = {isa = PBXBuildFile; fileRef = BC1497F51D5D962400276A88 /* TipCalculatorTests.swift */; };
		BC1498011D5D962400276A88 /* TipCalculatorUITests.swift in Sources */ = {isa = PBXBuildFile; fileRef = BC1498001D5D962400276A88 /* TipCalculatorUITests.swift */; };
/* End PBXBuildFile section */

/* Begin PBXContainerItemProxy section */
		BC1497F21D5D962400276A88 /* PBXContainerItemProxy */ = {
			isa = PBXContainerItemProxy;
			containerPortal = BC1497D51D5D962400276A88 /* Project object */;
			proxyType = 1;
			remoteGlobalIDString = BC1497DC1D5D962400276A88;
			remoteInfo = TipCalculator;
		};
		BC1497FD1D5D962400276A88 /* PBXContainerItemProxy */ = {
			isa = PBXContainerItemProxy;
			containerPortal = BC1497D51D5D962400276A88 /* Project object */;
			proxyType = 1;
			remoteGlobalIDString = BC1497DC1D5D962400276A88;
			remoteInfo = TipCalculator;
		};
/* End PBXContainerItemProxy section */

/* Begin PBXFileReference section */
		BC1497DD1D5D962400276A88 /* TipCalculator.app */ = {isa = PBXFileReference; explicitFileType = wrapper.application; includeInIndex = 0; path = TipCalculator.app; sourceTree = BUILT_PRODUCTS_DIR; };
		BC1497E01D5D962400276A88 /* AppDelegate.swift */ = {isa = PBXFileReference; lastKnownFileType = sourcecode.swift; path = AppDelegate.swift; sourceTree = "<group>"; };
		BC1497E21D5D962400276A88 /* ViewController.swift */ = {isa = PBXFileReference; lastKnownFileType = sourcecode.swift; path = ViewController.swift; sourceTree = "<group>"; };
		BC1497E51D5D962400276A88 /* Base */ = {isa = PBXFileReference; lastKnownFileType = file.storyboard; name = Base; path = Base.lproj/Main.storyboard; sourceTree = "<group>"; };
		BC1497E71D5D962400276A88 /* Assets.xcassets */ = {isa = PBXFileReference; lastKnownFileType = folder.assetcatalog; path = Assets.xcassets; sourceTree = "<group>"; };
		BC1497EA1D5D962400276A88 /* Base */ = {isa = PBXFileReference; lastKnownFileType = file.storyboard; name = Base; path = Base.lproj/LaunchScreen.storyboard; sourceTree = "<group>"; };
		BC1497EC1D5D962400276A88 /* Info.plist */ = {isa = PBXFileReference; lastKnownFileType = text.plist.xml; path = Info.plist; sourceTree = "<group>"; };
		BC1497F11D5D962400276A88 /* TipCalculatorTests.xctest */ = {isa = PBXFileReference; explicitFileType = wrapper.cfbundle; includeInIndex = 0; path = TipCalculatorTests.xctest; sourceTree = BUILT_PRODUCTS_DIR; };
		BC1497F51D5D962400276A88 /* TipCalculatorTests.swift */ = {isa = PBXFileReference; lastKnownFileType = sourcecode.swift; path = TipCalculatorTests.swift; sourceTree = "<group>"; };
		BC1497F71D5D962400276A88 /* Info.plist */ = {isa = PBXFileReference; lastKnownFileType = text.plist.xml; path = Info.plist; sourceTree = "<group>"; };
		BC1497FC1D5D962400276A88 /* TipCalculatorUITests.xctest */ = {isa = PBXFileReference; explicitFileType = wrapper.cfbundle; includeInIndex = 0; path = TipCalculatorUITests.xctest; sourceTree = BUILT_PRODUCTS_DIR; };
		BC1498001D5D962400276A88 /* TipCalculatorUITests.swift */ = {isa = PBXFileReference; lastKnownFileType = sourcecode.swift; path = TipCalculatorUITests.swift; sourceTree = "<group>"; };
		BC1498021D5D962400276A88 /* Info.plist */ = {isa = PBXFileReference; lastKnownFileType = text.plist.xml; path = Info.plist; sourceTree = "<group>"; };
/* End PBXFileReference section */

/* Begin PBXFrameworksBuildPhase section */
		BC1497DA1D5D962400276A88 /* Frameworks */ = {
			isa = PBXFrameworksBuildPhase;
			buildActionMask = 2147483647;
			files = (
			);
			runOnlyForDeploymentPostprocessing = 0;
		};
		BC1497EE1D5D962400276A88 /* Frameworks */ = {
			isa = PBXFrameworksBuildPhase;
			buildActionMask = 2147483647;
			files = (
			);
			runOnlyForDeploymentPostprocessing = 0;
		};
		BC1497F91D5D962400276A88 /* Frameworks */ = {
			isa = PBXFrameworksBuildPhase;
			buildActionMask = 2147483647;
			files = (
			);
			runOnlyForDeploymentPostprocessing = 0;
		};
/* End PBXFrameworksBuildPhase section */

/* Begin PBXGroup section */
		BC1497D41D5D962400276A88 = {
			isa = PBXGroup;
			children = (
				BC1497DF1D5D962400276A88 /* TipCalculator */,
				BC1497F41D5D962400276A88 /* TipCalculatorTests */,
				BC1497FF1D5D962400276A88 /* TipCalculatorUITests */,
				BC1497DE1D5D962400276A88 /* Products */,
			);
			sourceTree = "<group>";
		};
		BC1497DE1D5D962400276A88 /* Products */ = {
			isa = PBXGroup;
			children = (
				BC1497DD1D5D962400276A88 /* TipCalculator.app */,
				BC1497F11D5D962400276A88 /* TipCalculatorTests.xctest */,
				BC1497FC1D5D962400276A88 /* TipCalculatorUITests.xctest */,
			);
			name = Products;
			sourceTree = "<group>";
		};
		BC1497DF1D5D962400276A88 /* TipCalculator */ = {
			isa = PBXGroup;
			children = (
				BC1497E01D5D962400276A88 /* AppDelegate.swift */,
				BC1497E21D5D962400276A88 /* ViewController.swift */,
				BC1497E41D5D962400276A88 /* Main.storyboard */,
				BC1497E71D5D962400276A88 /* Assets.xcassets */,
				BC1497E91D5D962400276A88 /* LaunchScreen.storyboard */,
				BC1497EC1D5D962400276A88 /* Info.plist */,
			);
			path = TipCalculator;
			sourceTree = "<group>";
		};
		BC1497F41D5D962400276A88 /* TipCalculatorTests */ = {
			isa = PBXGroup;
			children = (
				BC1497F51D5D962400276A88 /* TipCalculatorTests.swift */,
				BC1497F71D5D962400276A88 /* Info.plist */,
			);
			path = TipCalculatorTests;
			sourceTree = "<group>";
		};
		BC1497FF1D5D962400276A88 /* TipCalculatorUITests */ = {
			isa = PBXGroup;
			children = (
				BC1498001D5D962400276A88 /* TipCalculatorUITests.swift */,
				BC1498021D5D962400276A88 /* Info.plist */,
			);
			path = TipCalculatorUITests;
			sourceTree = "<group>";
		};
/* End PBXGroup section */

/* Begin PBXNativeTarget section */
		BC1497DC1D5D962400276A88 /* TipCalculator */ = {
			isa = PBXNativeTarget;
			buildConfigurationList = BC1498051D5D962400276A88 /* Build configuration list for PBXNativeTarget "TipCalculator" */;
			buildPhases = (
				BC1497D91D5D962400276A88 /* Sources */,
				BC1497DA1D5D962400276A88 /* Frameworks */,
				BC1497DB1D5D962400276A88 /* Resources */,
			);
			buildRules = (
			);
			dependencies = (
			);
			name = TipCalculator;
			productName = TipCalculator;
			productReference = BC1497DD1D5D962400276A88 /* TipCalculator.app */;
			productType = "com.apple.product-type.application";
		};
		BC1497F01D5D962400276A88 /* TipCalculatorTests */ = {
			isa = PBXNativeTarget;
			buildConfigurationList = BC1498081D5D962400276A88 /* Build configuration list for PBXNativeTarget "TipCalculatorTests" */;
			buildPhases = (
				BC1497ED1D5D962400276A88 /* Sources */,
				BC1497EE1D5D962400276A88 /* Frameworks */,
				BC1497EF1D5D962400276A88 /* Resources */,
			);
			buildRules = (
			);
			dependencies = (
				BC1497F31D5D962400276A88 /* PBXTargetDependency */,
			);
			name = TipCalculatorTests;
			productName = TipCalculatorTests;
			productReference = BC1497F11D5D962400276A88 /* TipCalculatorTests.xctest */;
			productType = "com.apple.product-type.bundle.unit-test";
		};
		BC1497FB1D5D962400276A88 /* TipCalculatorUITests */ = {
			isa = PBXNativeTarget;
			buildConfigurationList = BC14980B1D5D962400276A88 /* Build configuration list for PBXNativeTarget "TipCalculatorUITests" */;
			buildPhases = (
				BC1497F81D5D962400276A88 /* Sources */,
				BC1497F91D5D962400276A88 /* Frameworks */,
				BC1497FA1D5D962400276A88 /* Resources */,
			);
			buildRules = (
			);
			dependencies = (
				BC1497FE1D5D962400276A88 /* PBXTargetDependency */,
			);
			name = TipCalculatorUITests;
			productName = TipCalculatorUITests;
			productReference = BC1497FC1D5D962400276A88 /* TipCalculatorUITests.xctest */;
			productType = "com.apple.product-type.bundle.ui-testing";
		};
/* End PBXNativeTarget section */

/* Begin PBXProject section */
		BC1497D51D5D962400276A88 /* Project object */ = {
			isa = PBXProject;
			attributes = {
				LastSwiftUpdateCheck = 0730;
				LastUpgradeCheck = 0730;
				ORGANIZATIONNAME = "Alex Pareto";
				TargetAttributes = {
					BC1497DC1D5D962400276A88 = {
						CreatedOnToolsVersion = 7.3.1;
						LastSwiftMigration = 0800;
					};
					BC1497F01D5D962400276A88 = {
						CreatedOnToolsVersion = 7.3.1;
						LastSwiftMigration = 0800;
						TestTargetID = BC1497DC1D5D962400276A88;
					};
					BC1497FB1D5D962400276A88 = {
						CreatedOnToolsVersion = 7.3.1;
						LastSwiftMigration = 0800;
						TestTargetID = BC1497DC1D5D962400276A88;
					};
				};
			};
			buildConfigurationList = BC1497D81D5D962400276A88 /* Build configuration list for PBXProject "TipCalculator" */;
			compatibilityVersion = "Xcode 3.2";
			developmentRegion = English;
			hasScannedForEncodings = 0;
			knownRegions = (
				en,
				Base,
			);
			mainGroup = BC1497D41D5D962400276A88;
			productRefGroup = BC1497DE1D5D962400276A88 /* Products */;
			projectDirPath = "";
			projectRoot = "";
			targets = (
				BC1497DC1D5D962400276A88 /* TipCalculator */,
				BC1497F01D5D962400276A88 /* TipCalculatorTests */,
				BC1497FB1D5D962400276A88 /* TipCalculatorUITests */,
			);
		};
/* End PBXProject section */

/* Begin PBXResourcesBuildPhase section */
		BC1497DB1D5D962400276A88 /* Resources */ = {
			isa = PBXResourcesBuildPhase;
			buildActionMask = 2147483647;
			files = (
				BC1497EB1D5D962400276A88 /* LaunchScreen.storyboard in Resources */,
				BC1497E81D5D962400276A88 /* Assets.xcassets in Resources */,
				BC1497E61D5D962400276A88 /* Main.storyboard in Resources */,
			);
			runOnlyForDeploymentPostprocessing = 0;
		};
		BC1497EF1D5D962400276A88 /* Resources */ = {
			isa = PBXResourcesBuildPhase;
			buildActionMask = 2147483647;
			files = (
			);
			runOnlyForDeploymentPostprocessing = 0;
		};
		BC1497FA1D5D962400276A88 /* Resources */ = {
			isa = PBXResourcesBuildPhase;
			buildActionMask = 2147483647;
			files = (
			);
			runOnlyForDeploymentPostprocessing = 0;
		};
/* End PBXResourcesBuildPhase section */

/* Begin PBXSourcesBuildPhase section */
		BC1497D91D5D962400276A88 /* Sources */ = {
			isa = PBXSourcesBuildPhase;
			buildActionMask = 2147483647;
			files = (
				BC1497E31D5D962400276A88 /* ViewController.swift in Sources */,
				BC1497E11D5D962400276A88 /* AppDelegate.swift in Sources */,
			);
			runOnlyForDeploymentPostprocessing = 0;
		};
		BC1497ED1D5D962400276A88 /* Sources */ = {
			isa = PBXSourcesBuildPhase;
			buildActionMask = 2147483647;
			files = (
				BC1497F61D5D962400276A88 /* TipCalculatorTests.swift in Sources */,
			);
			runOnlyForDeploymentPostprocessing = 0;
		};
		BC1497F81D5D962400276A88 /* Sources */ = {
			isa = PBXSourcesBuildPhase;
			buildActionMask = 2147483647;
			files = (
				BC1498011D5D962400276A88 /* TipCalculatorUITests.swift in Sources */,
			);
			runOnlyForDeploymentPostprocessing = 0;
		};
/* End PBXSourcesBuildPhase section */

/* Begin PBXTargetDependency section */
		BC1497F31D5D962400276A88 /* PBXTargetDependency */ = {
			isa = PBXTargetDependency;
			target = BC1497DC1D5D962400276A88 /* TipCalculator */;
			targetProxy = BC1497F21D5D962400276A88 /* PBXContainerItemProxy */;
		};
		BC1497FE1D5D962400276A88 /* PBXTargetDependency */ = {
			isa = PBXTargetDependency;
			target = BC1497DC1D5D962400276A88 /* TipCalculator */;
			targetProxy = BC1497FD1D5D962400276A88 /* PBXContainerItemProxy */;
		};
/* End PBXTargetDependency section */

/* Begin PBXVariantGroup section */
		BC1497E41D5D962400276A88 /* Main.storyboard */ = {
			isa = PBXVariantGroup;
			children = (
				BC1497E51D5D962400276A88 /* Base */,
			);
			name = Main.storyboard;
			sourceTree = "<group>";
		};
		BC1497E91D5D962400276A88 /* LaunchScreen.storyboard */ = {
			isa = PBXVariantGroup;
			children = (
				BC1497EA1D5D962400276A88 /* Base */,
			);
			name = LaunchScreen.storyboard;
			sourceTree = "<group>";
		};
/* End PBXVariantGroup section */

/* Begin XCBuildConfiguration section */
		BC1498031D5D962400276A88 /* Debug */ = {
			isa = XCBuildConfiguration;
			buildSettings = {
				ALWAYS_SEARCH_USER_PATHS = NO;
				CLANG_ANALYZER_NONNULL = YES;
				CLANG_CXX_LANGUAGE_STANDARD = "gnu++0x";
				CLANG_CXX_LIBRARY = "libc++";
				CLANG_ENABLE_MODULES = YES;
				CLANG_ENABLE_OBJC_ARC = YES;
				CLANG_WARN_BOOL_CONVERSION = YES;
				CLANG_WARN_CONSTANT_CONVERSION = YES;
				CLANG_WARN_DIRECT_OBJC_ISA_USAGE = YES_ERROR;
				CLANG_WARN_EMPTY_BODY = YES;
				CLANG_WARN_ENUM_CONVERSION = YES;
				CLANG_WARN_INT_CONVERSION = YES;
				CLANG_WARN_OBJC_ROOT_CLASS = YES_ERROR;
				CLANG_WARN_UNREACHABLE_CODE = YES;
				CLANG_WARN__DUPLICATE_METHOD_MATCH = YES;
				"CODE_SIGN_IDENTITY[sdk=iphoneos*]" = "iPhone Developer";
				COPY_PHASE_STRIP = NO;
				DEBUG_INFORMATION_FORMAT = dwarf;
				ENABLE_STRICT_OBJC_MSGSEND = YES;
				ENABLE_TESTABILITY = YES;
				GCC_C_LANGUAGE_STANDARD = gnu99;
				GCC_DYNAMIC_NO_PIC = NO;
				GCC_NO_COMMON_BLOCKS = YES;
				GCC_OPTIMIZATION_LEVEL = 0;
				GCC_PREPROCESSOR_DEFINITIONS = (
					"DEBUG=1",
					"$(inherited)",
				);
				GCC_WARN_64_TO_32_BIT_CONVERSION = YES;
				GCC_WARN_ABOUT_RETURN_TYPE = YES_ERROR;
				GCC_WARN_UNDECLARED_SELECTOR = YES;
				GCC_WARN_UNINITIALIZED_AUTOS = YES_AGGRESSIVE;
				GCC_WARN_UNUSED_FUNCTION = YES;
				GCC_WARN_UNUSED_VARIABLE = YES;
				IPHONEOS_DEPLOYMENT_TARGET = 9.3;
				MTL_ENABLE_DEBUG_INFO = YES;
				ONLY_ACTIVE_ARCH = YES;
				SDKROOT = iphoneos;
				SWIFT_OPTIMIZATION_LEVEL = "-Onone";
			};
			name = Debug;
		};
		BC1498041D5D962400276A88 /* Release */ = {
			isa = XCBuildConfiguration;
			buildSettings = {
				ALWAYS_SEARCH_USER_PATHS = NO;
				CLANG_ANALYZER_NONNULL = YES;
				CLANG_CXX_LANGUAGE_STANDARD = "gnu++0x";
				CLANG_CXX_LIBRARY = "libc++";
				CLANG_ENABLE_MODULES = YES;
				CLANG_ENABLE_OBJC_ARC = YES;
				CLANG_WARN_BOOL_CONVERSION = YES;
				CLANG_WARN_CONSTANT_CONVERSION = YES;
				CLANG_WARN_DIRECT_OBJC_ISA_USAGE = YES_ERROR;
				CLANG_WARN_EMPTY_BODY = YES;
				CLANG_WARN_ENUM_CONVERSION = YES;
				CLANG_WARN_INT_CONVERSION = YES;
				CLANG_WARN_OBJC_ROOT_CLASS = YES_ERROR;
				CLANG_WARN_UNREACHABLE_CODE = YES;
				CLANG_WARN__DUPLICATE_METHOD_MATCH = YES;
				"CODE_SIGN_IDENTITY[sdk=iphoneos*]" = "iPhone Developer";
				COPY_PHASE_STRIP = NO;
				DEBUG_INFORMATION_FORMAT = "dwarf-with-dsym";
				ENABLE_NS_ASSERTIONS = NO;
				ENABLE_STRICT_OBJC_MSGSEND = YES;
				GCC_C_LANGUAGE_STANDARD = gnu99;
				GCC_NO_COMMON_BLOCKS = YES;
				GCC_WARN_64_TO_32_BIT_CONVERSION = YES;
				GCC_WARN_ABOUT_RETURN_TYPE = YES_ERROR;
				GCC_WARN_UNDECLARED_SELECTOR = YES;
				GCC_WARN_UNINITIALIZED_AUTOS = YES_AGGRESSIVE;
				GCC_WARN_UNUSED_FUNCTION = YES;
				GCC_WARN_UNUSED_VARIABLE = YES;
				IPHONEOS_DEPLOYMENT_TARGET = 9.3;
				MTL_ENABLE_DEBUG_INFO = NO;
				SDKROOT = iphoneos;
				VALIDATE_PRODUCT = YES;
			};
			name = Release;
		};
		BC1498061D5D962400276A88 /* Debug */ = {
			isa = XCBuildConfiguration;
			buildSettings = {
				ASSETCATALOG_COMPILER_APPICON_NAME = AppIcon;
				INFOPLIST_FILE = TipCalculator/Info.plist;
				LD_RUNPATH_SEARCH_PATHS = "$(inherited) @executable_path/Frameworks";
				PRODUCT_BUNDLE_IDENTIFIER = com.AlexPareto.TipCalculator;
				PRODUCT_NAME = "$(TARGET_NAME)";
				SWIFT_VERSION = 3.0;
			};
			name = Debug;
		};
		BC1498071D5D962400276A88 /* Release */ = {
			isa = XCBuildConfiguration;
			buildSettings = {
				ASSETCATALOG_COMPILER_APPICON_NAME = AppIcon;
				INFOPLIST_FILE = TipCalculator/Info.plist;
				LD_RUNPATH_SEARCH_PATHS = "$(inherited) @executable_path/Frameworks";
				PRODUCT_BUNDLE_IDENTIFIER = com.AlexPareto.TipCalculator;
				PRODUCT_NAME = "$(TARGET_NAME)";
				SWIFT_VERSION = 3.0;
			};
			name = Release;
		};
		BC1498091D5D962400276A88 /* Debug */ = {
			isa = XCBuildConfiguration;
			buildSettings = {
				BUNDLE_LOADER = "$(TEST_HOST)";
				INFOPLIST_FILE = TipCalculatorTests/Info.plist;
				LD_RUNPATH_SEARCH_PATHS = "$(inherited) @executable_path/Frameworks @loader_path/Frameworks";
				PRODUCT_BUNDLE_IDENTIFIER = com.AlexPareto.TipCalculatorTests;
				PRODUCT_NAME = "$(TARGET_NAME)";
				SWIFT_VERSION = 3.0;
				TEST_HOST = "$(BUILT_PRODUCTS_DIR)/TipCalculator.app/TipCalculator";
			};
			name = Debug;
		};
		BC14980A1D5D962400276A88 /* Release */ = {
			isa = XCBuildConfiguration;
			buildSettings = {
				BUNDLE_LOADER = "$(TEST_HOST)";
				INFOPLIST_FILE = TipCalculatorTests/Info.plist;
				LD_RUNPATH_SEARCH_PATHS = "$(inherited) @executable_path/Frameworks @loader_path/Frameworks";
				PRODUCT_BUNDLE_IDENTIFIER = com.AlexPareto.TipCalculatorTests;
				PRODUCT_NAME = "$(TARGET_NAME)";
				SWIFT_VERSION = 3.0;
				TEST_HOST = "$(BUILT_PRODUCTS_DIR)/TipCalculator.app/TipCalculator";
			};
			name = Release;
		};
		BC14980C1D5D962400276A88 /* Debug */ = {
			isa = XCBuildConfiguration;
			buildSettings = {
				INFOPLIST_FILE = TipCalculatorUITests/Info.plist;
				LD_RUNPATH_SEARCH_PATHS = "$(inherited) @executable_path/Frameworks @loader_path/Frameworks";
				PRODUCT_BUNDLE_IDENTIFIER = com.AlexPareto.TipCalculatorUITests;
				PRODUCT_NAME = "$(TARGET_NAME)";
				SWIFT_VERSION = 3.0;
				TEST_TARGET_NAME = TipCalculator;
			};
			name = Debug;
		};
		BC14980D1D5D962400276A88 /* Release */ = {
			isa = XCBuildConfiguration;
			buildSettings = {
				INFOPLIST_FILE = TipCalculatorUITests/Info.plist;
				LD_RUNPATH_SEARCH_PATHS = "$(inherited) @executable_path/Frameworks @loader_path/Frameworks";
				PRODUCT_BUNDLE_IDENTIFIER = com.AlexPareto.TipCalculatorUITests;
				PRODUCT_NAME = "$(TARGET_NAME)";
				SWIFT_VERSION = 3.0;
				TEST_TARGET_NAME = TipCalculator;
			};
			name = Release;
		};
/* End XCBuildConfiguration section */

/* Begin XCConfigurationList section */
		BC1497D81D5D962400276A88 /* Build configuration list for PBXProject "TipCalculator" */ = {
			isa = XCConfigurationList;
			buildConfigurations = (
				BC1498031D5D962400276A88 /* Debug */,
				BC1498041D5D962400276A88 /* Release */,
			);
			defaultConfigurationIsVisible = 0;
			defaultConfigurationName = Release;
		};
		BC1498051D5D962400276A88 /* Build configuration list for PBXNativeTarget "TipCalculator" */ = {
			isa = XCConfigurationList;
			buildConfigurations = (
				BC1498061D5D962400276A88 /* Debug */,
				BC1498071D5D962400276A88 /* Release */,
			);
			defaultConfigurationIsVisible = 0;
			defaultConfigurationName = Release;
		};
		BC1498081D5D962400276A88 /* Build configuration list for PBXNativeTarget "TipCalculatorTests" */ = {
			isa = XCConfigurationList;
			buildConfigurations = (
				BC1498091D5D962400276A88 /* Debug */,
				BC14980A1D5D962400276A88 /* Release */,
			);
			defaultConfigurationIsVisible = 0;
			defaultConfigurationName = Release;
		};
		BC14980B1D5D962400276A88 /* Build configuration list for PBXNativeTarget "TipCalculatorUITests" */ = {
			isa = XCConfigurationList;
			buildConfigurations = (
				BC14980C1D5D962400276A88 /* Debug */,
				BC14980D1D5D962400276A88 /* Release */,
			);
			defaultConfigurationIsVisible = 0;
			defaultConfigurationName = Release;
		};
/* End XCConfigurationList section */
	};
	rootObject = BC1497D51D5D962400276A88 /* Project object */;
}
